// !$*UTF8*$!
{
	archiveVersion = 1;
	classes = {
	};
	objectVersion = 50;
	objects = {

/* Begin PBXBuildFile section */
		6ADDE82A2442026A00D4ADE6 /* AppDelegate.swift in Sources */ = {isa = PBXBuildFile; fileRef = 6ADDE8292442026A00D4ADE6 /* AppDelegate.swift */; };
		6ADDE82C2442026A00D4ADE6 /* SceneDelegate.swift in Sources */ = {isa = PBXBuildFile; fileRef = 6ADDE82B2442026A00D4ADE6 /* SceneDelegate.swift */; };
		6ADDE82F2442026A00D4ADE6 /* todo.xcdatamodeld in Sources */ = {isa = PBXBuildFile; fileRef = 6ADDE82D2442026A00D4ADE6 /* todo.xcdatamodeld */; };
		6ADDE8312442026A00D4ADE6 /* ContentView.swift in Sources */ = {isa = PBXBuildFile; fileRef = 6ADDE8302442026A00D4ADE6 /* ContentView.swift */; };
		6ADDE8332442026F00D4ADE6 /* Assets.xcassets in Resources */ = {isa = PBXBuildFile; fileRef = 6ADDE8322442026F00D4ADE6 /* Assets.xcassets */; };
		6ADDE8362442026F00D4ADE6 /* Preview Assets.xcassets in Resources */ = {isa = PBXBuildFile; fileRef = 6ADDE8352442026F00D4ADE6 /* Preview Assets.xcassets */; };
		6ADDE8392442026F00D4ADE6 /* LaunchScreen.storyboard in Resources */ = {isa = PBXBuildFile; fileRef = 6ADDE8372442026F00D4ADE6 /* LaunchScreen.storyboard */; };
		6ADDE8442442027000D4ADE6 /* todoTests.swift in Sources */ = {isa = PBXBuildFile; fileRef = 6ADDE8432442027000D4ADE6 /* todoTests.swift */; };
		6ADDE84F2442027000D4ADE6 /* todoUITests.swift in Sources */ = {isa = PBXBuildFile; fileRef = 6ADDE84E2442027000D4ADE6 /* todoUITests.swift */; };
/* End PBXBuildFile section */

/* Begin PBXContainerItemProxy section */
		6ADDE8402442027000D4ADE6 /* PBXContainerItemProxy */ = {
			isa = PBXContainerItemProxy;
			containerPortal = 6ADDE81E2442026A00D4ADE6 /* Project object */;
			proxyType = 1;
			remoteGlobalIDString = 6ADDE8252442026A00D4ADE6;
			remoteInfo = todo;
		};
		6ADDE84B2442027000D4ADE6 /* PBXContainerItemProxy */ = {
			isa = PBXContainerItemProxy;
			containerPortal = 6ADDE81E2442026A00D4ADE6 /* Project object */;
			proxyType = 1;
			remoteGlobalIDString = 6ADDE8252442026A00D4ADE6;
			remoteInfo = todo;
		};
/* End PBXContainerItemProxy section */

/* Begin PBXFileReference section */
		6ADDE8262442026A00D4ADE6 /* todo.app */ = {isa = PBXFileReference; explicitFileType = wrapper.application; includeInIndex = 0; path = todo.app; sourceTree = BUILT_PRODUCTS_DIR; };
		6ADDE8292442026A00D4ADE6 /* AppDelegate.swift */ = {isa = PBXFileReference; lastKnownFileType = sourcecode.swift; path = AppDelegate.swift; sourceTree = "<group>"; };
		6ADDE82B2442026A00D4ADE6 /* SceneDelegate.swift */ = {isa = PBXFileReference; lastKnownFileType = sourcecode.swift; path = SceneDelegate.swift; sourceTree = "<group>"; };
		6ADDE82E2442026A00D4ADE6 /* todo.xcdatamodel */ = {isa = PBXFileReference; lastKnownFileType = wrapper.xcdatamodel; path = todo.xcdatamodel; sourceTree = "<group>"; };
		6ADDE8302442026A00D4ADE6 /* ContentView.swift */ = {isa = PBXFileReference; lastKnownFileType = sourcecode.swift; path = ContentView.swift; sourceTree = "<group>"; };
		6ADDE8322442026F00D4ADE6 /* Assets.xcassets */ = {isa = PBXFileReference; lastKnownFileType = folder.assetcatalog; path = Assets.xcassets; sourceTree = "<group>"; };
		6ADDE8352442026F00D4ADE6 /* Preview Assets.xcassets */ = {isa = PBXFileReference; lastKnownFileType = folder.assetcatalog; path = "Preview Assets.xcassets"; sourceTree = "<group>"; };
		6ADDE8382442026F00D4ADE6 /* Base */ = {isa = PBXFileReference; lastKnownFileType = file.storyboard; name = Base; path = Base.lproj/LaunchScreen.storyboard; sourceTree = "<group>"; };
		6ADDE83A2442026F00D4ADE6 /* Info.plist */ = {isa = PBXFileReference; lastKnownFileType = text.plist.xml; path = Info.plist; sourceTree = "<group>"; };
		6ADDE83F2442027000D4ADE6 /* todoTests.xctest */ = {isa = PBXFileReference; explicitFileType = wrapper.cfbundle; includeInIndex = 0; path = todoTests.xctest; sourceTree = BUILT_PRODUCTS_DIR; };
		6ADDE8432442027000D4ADE6 /* todoTests.swift */ = {isa = PBXFileReference; lastKnownFileType = sourcecode.swift; path = todoTests.swift; sourceTree = "<group>"; };
		6ADDE8452442027000D4ADE6 /* Info.plist */ = {isa = PBXFileReference; lastKnownFileType = text.plist.xml; path = Info.plist; sourceTree = "<group>"; };
		6ADDE84A2442027000D4ADE6 /* todoUITests.xctest */ = {isa = PBXFileReference; explicitFileType = wrapper.cfbundle; includeInIndex = 0; path = todoUITests.xctest; sourceTree = BUILT_PRODUCTS_DIR; };
		6ADDE84E2442027000D4ADE6 /* todoUITests.swift */ = {isa = PBXFileReference; lastKnownFileType = sourcecode.swift; path = todoUITests.swift; sourceTree = "<group>"; };
		6ADDE8502442027000D4ADE6 /* Info.plist */ = {isa = PBXFileReference; lastKnownFileType = text.plist.xml; path = Info.plist; sourceTree = "<group>"; };
/* End PBXFileReference section */

/* Begin PBXFrameworksBuildPhase section */
		6ADDE8232442026A00D4ADE6 /* Frameworks */ = {
			isa = PBXFrameworksBuildPhase;
			buildActionMask = 2147483647;
			files = (
			);
			runOnlyForDeploymentPostprocessing = 0;
		};
		6ADDE83C2442027000D4ADE6 /* Frameworks */ = {
			isa = PBXFrameworksBuildPhase;
			buildActionMask = 2147483647;
			files = (
			);
			runOnlyForDeploymentPostprocessing = 0;
		};
		6ADDE8472442027000D4ADE6 /* Frameworks */ = {
			isa = PBXFrameworksBuildPhase;
			buildActionMask = 2147483647;
			files = (
			);
			runOnlyForDeploymentPostprocessing = 0;
		};
/* End PBXFrameworksBuildPhase section */

/* Begin PBXGroup section */
		6ADDE81D2442026A00D4ADE6 = {
			isa = PBXGroup;
			children = (
				6ADDE8282442026A00D4ADE6 /* todo */,
				6ADDE8422442027000D4ADE6 /* todoTests */,
				6ADDE84D2442027000D4ADE6 /* todoUITests */,
				6ADDE8272442026A00D4ADE6 /* Products */,
			);
			sourceTree = "<group>";
		};
		6ADDE8272442026A00D4ADE6 /* Products */ = {
			isa = PBXGroup;
			children = (
				6ADDE8262442026A00D4ADE6 /* todo.app */,
				6ADDE83F2442027000D4ADE6 /* todoTests.xctest */,
				6ADDE84A2442027000D4ADE6 /* todoUITests.xctest */,
			);
			name = Products;
			sourceTree = "<group>";
		};
		6ADDE8282442026A00D4ADE6 /* todo */ = {
			isa = PBXGroup;
			children = (
				6ADDE8292442026A00D4ADE6 /* AppDelegate.swift */,
				6ADDE82B2442026A00D4ADE6 /* SceneDelegate.swift */,
				6ADDE8302442026A00D4ADE6 /* ContentView.swift */,
				6ADDE8322442026F00D4ADE6 /* Assets.xcassets */,
				6ADDE8372442026F00D4ADE6 /* LaunchScreen.storyboard */,
				6ADDE83A2442026F00D4ADE6 /* Info.plist */,
				6ADDE82D2442026A00D4ADE6 /* todo.xcdatamodeld */,
				6ADDE8342442026F00D4ADE6 /* Preview Content */,
			);
			path = todo;
			sourceTree = "<group>";
		};
		6ADDE8342442026F00D4ADE6 /* Preview Content */ = {
			isa = PBXGroup;
			children = (
				6ADDE8352442026F00D4ADE6 /* Preview Assets.xcassets */,
			);
			path = "Preview Content";
			sourceTree = "<group>";
		};
		6ADDE8422442027000D4ADE6 /* todoTests */ = {
			isa = PBXGroup;
			children = (
				6ADDE8432442027000D4ADE6 /* todoTests.swift */,
				6ADDE8452442027000D4ADE6 /* Info.plist */,
			);
			path = todoTests;
			sourceTree = "<group>";
		};
		6ADDE84D2442027000D4ADE6 /* todoUITests */ = {
			isa = PBXGroup;
			children = (
				6ADDE84E2442027000D4ADE6 /* todoUITests.swift */,
				6ADDE8502442027000D4ADE6 /* Info.plist */,
			);
			path = todoUITests;
			sourceTree = "<group>";
		};
/* End PBXGroup section */

/* Begin PBXNativeTarget section */
		6ADDE8252442026A00D4ADE6 /* todo */ = {
			isa = PBXNativeTarget;
			buildConfigurationList = 6ADDE8532442027000D4ADE6 /* Build configuration list for PBXNativeTarget "todo" */;
			buildPhases = (
				6ADDE8222442026A00D4ADE6 /* Sources */,
				6ADDE8232442026A00D4ADE6 /* Frameworks */,
				6ADDE8242442026A00D4ADE6 /* Resources */,
			);
			buildRules = (
			);
			dependencies = (
			);
			name = todo;
			productName = todo;
			productReference = 6ADDE8262442026A00D4ADE6 /* todo.app */;
			productType = "com.apple.product-type.application";
		};
		6ADDE83E2442027000D4ADE6 /* todoTests */ = {
			isa = PBXNativeTarget;
			buildConfigurationList = 6ADDE8562442027000D4ADE6 /* Build configuration list for PBXNativeTarget "todoTests" */;
			buildPhases = (
				6ADDE83B2442027000D4ADE6 /* Sources */,
				6ADDE83C2442027000D4ADE6 /* Frameworks */,
				6ADDE83D2442027000D4ADE6 /* Resources */,
			);
			buildRules = (
			);
			dependencies = (
				6ADDE8412442027000D4ADE6 /* PBXTargetDependency */,
			);
			name = todoTests;
			productName = todoTests;
			productReference = 6ADDE83F2442027000D4ADE6 /* todoTests.xctest */;
			productType = "com.apple.product-type.bundle.unit-test";
		};
		6ADDE8492442027000D4ADE6 /* todoUITests */ = {
			isa = PBXNativeTarget;
			buildConfigurationList = 6ADDE8592442027000D4ADE6 /* Build configuration list for PBXNativeTarget "todoUITests" */;
			buildPhases = (
				6ADDE8462442027000D4ADE6 /* Sources */,
				6ADDE8472442027000D4ADE6 /* Frameworks */,
				6ADDE8482442027000D4ADE6 /* Resources */,
			);
			buildRules = (
			);
			dependencies = (
				6ADDE84C2442027000D4ADE6 /* PBXTargetDependency */,
			);
			name = todoUITests;
			productName = todoUITests;
			productReference = 6ADDE84A2442027000D4ADE6 /* todoUITests.xctest */;
			productType = "com.apple.product-type.bundle.ui-testing";
		};
/* End PBXNativeTarget section */

/* Begin PBXProject section */
		6ADDE81E2442026A00D4ADE6 /* Project object */ = {
			isa = PBXProject;
			attributes = {
				LastSwiftUpdateCheck = 1140;
				LastUpgradeCheck = 1140;
				ORGANIZATIONNAME = "Lakshay Nanda";
				TargetAttributes = {
					6ADDE8252442026A00D4ADE6 = {
						CreatedOnToolsVersion = 11.4;
					};
					6ADDE83E2442027000D4ADE6 = {
						CreatedOnToolsVersion = 11.4;
						TestTargetID = 6ADDE8252442026A00D4ADE6;
					};
					6ADDE8492442027000D4ADE6 = {
						CreatedOnToolsVersion = 11.4;
						TestTargetID = 6ADDE8252442026A00D4ADE6;
					};
				};
			};
			buildConfigurationList = 6ADDE8212442026A00D4ADE6 /* Build configuration list for PBXProject "todo" */;
			compatibilityVersion = "Xcode 9.3";
			developmentRegion = en;
			hasScannedForEncodings = 0;
			knownRegions = (
				en,
				Base,
			);
			mainGroup = 6ADDE81D2442026A00D4ADE6;
			productRefGroup = 6ADDE8272442026A00D4ADE6 /* Products */;
			projectDirPath = "";
			projectRoot = "";
			targets = (
				6ADDE8252442026A00D4ADE6 /* todo */,
				6ADDE83E2442027000D4ADE6 /* todoTests */,
				6ADDE8492442027000D4ADE6 /* todoUITests */,
			);
		};
/* End PBXProject section */

/* Begin PBXResourcesBuildPhase section */
		6ADDE8242442026A00D4ADE6 /* Resources */ = {
			isa = PBXResourcesBuildPhase;
			buildActionMask = 2147483647;
			files = (
				6ADDE8392442026F00D4ADE6 /* LaunchScreen.storyboard in Resources */,
				6ADDE8362442026F00D4ADE6 /* Preview Assets.xcassets in Resources */,
				6ADDE8332442026F00D4ADE6 /* Assets.xcassets in Resources */,
			);
			runOnlyForDeploymentPostprocessing = 0;
		};
		6ADDE83D2442027000D4ADE6 /* Resources */ = {
			isa = PBXResourcesBuildPhase;
			buildActionMask = 2147483647;
			files = (
			);
			runOnlyForDeploymentPostprocessing = 0;
		};
		6ADDE8482442027000D4ADE6 /* Resources */ = {
			isa = PBXResourcesBuildPhase;
			buildActionMask = 2147483647;
			files = (
			);
			runOnlyForDeploymentPostprocessing = 0;
		};
/* End PBXResourcesBuildPhase section */

/* Begin PBXSourcesBuildPhase section */
		6ADDE8222442026A00D4ADE6 /* Sources */ = {
			isa = PBXSourcesBuildPhase;
			buildActionMask = 2147483647;
			files = (
				6ADDE82A2442026A00D4ADE6 /* AppDelegate.swift in Sources */,
				6ADDE82C2442026A00D4ADE6 /* SceneDelegate.swift in Sources */,
				6ADDE8312442026A00D4ADE6 /* ContentView.swift in Sources */,
				6ADDE82F2442026A00D4ADE6 /* todo.xcdatamodeld in Sources */,
			);
			runOnlyForDeploymentPostprocessing = 0;
		};
		6ADDE83B2442027000D4ADE6 /* Sources */ = {
			isa = PBXSourcesBuildPhase;
			buildActionMask = 2147483647;
			files = (
				6ADDE8442442027000D4ADE6 /* todoTests.swift in Sources */,
			);
			runOnlyForDeploymentPostprocessing = 0;
		};
		6ADDE8462442027000D4ADE6 /* Sources */ = {
			isa = PBXSourcesBuildPhase;
			buildActionMask = 2147483647;
			files = (
				6ADDE84F2442027000D4ADE6 /* todoUITests.swift in Sources */,
			);
			runOnlyForDeploymentPostprocessing = 0;
		};
/* End PBXSourcesBuildPhase section */

/* Begin PBXTargetDependency section */
		6ADDE8412442027000D4ADE6 /* PBXTargetDependency */ = {
			isa = PBXTargetDependency;
			target = 6ADDE8252442026A00D4ADE6 /* todo */;
			targetProxy = 6ADDE8402442027000D4ADE6 /* PBXContainerItemProxy */;
		};
		6ADDE84C2442027000D4ADE6 /* PBXTargetDependency */ = {
			isa = PBXTargetDependency;
			target = 6ADDE8252442026A00D4ADE6 /* todo */;
			targetProxy = 6ADDE84B2442027000D4ADE6 /* PBXContainerItemProxy */;
		};
/* End PBXTargetDependency section */

/* Begin PBXVariantGroup section */
		6ADDE8372442026F00D4ADE6 /* LaunchScreen.storyboard */ = {
			isa = PBXVariantGroup;
			children = (
				6ADDE8382442026F00D4ADE6 /* Base */,
			);
			name = LaunchScreen.storyboard;
			sourceTree = "<group>";
		};
/* End PBXVariantGroup section */

/* Begin XCBuildConfiguration section */
		6ADDE8512442027000D4ADE6 /* Debug */ = {
			isa = XCBuildConfiguration;
			buildSettings = {
				ALWAYS_SEARCH_USER_PATHS = NO;
				CLANG_ANALYZER_NONNULL = YES;
				CLANG_ANALYZER_NUMBER_OBJECT_CONVERSION = YES_AGGRESSIVE;
				CLANG_CXX_LANGUAGE_STANDARD = "gnu++14";
				CLANG_CXX_LIBRARY = "libc++";
				CLANG_ENABLE_MODULES = YES;
				CLANG_ENABLE_OBJC_ARC = YES;
				CLANG_ENABLE_OBJC_WEAK = YES;
				CLANG_WARN_BLOCK_CAPTURE_AUTORELEASING = YES;
				CLANG_WARN_BOOL_CONVERSION = YES;
				CLANG_WARN_COMMA = YES;
				CLANG_WARN_CONSTANT_CONVERSION = YES;
				CLANG_WARN_DEPRECATED_OBJC_IMPLEMENTATIONS = YES;
				CLANG_WARN_DIRECT_OBJC_ISA_USAGE = YES_ERROR;
				CLANG_WARN_DOCUMENTATION_COMMENTS = YES;
				CLANG_WARN_EMPTY_BODY = YES;
				CLANG_WARN_ENUM_CONVERSION = YES;
				CLANG_WARN_INFINITE_RECURSION = YES;
				CLANG_WARN_INT_CONVERSION = YES;
				CLANG_WARN_NON_LITERAL_NULL_CONVERSION = YES;
				CLANG_WARN_OBJC_IMPLICIT_RETAIN_SELF = YES;
				CLANG_WARN_OBJC_LITERAL_CONVERSION = YES;
				CLANG_WARN_OBJC_ROOT_CLASS = YES_ERROR;
				CLANG_WARN_RANGE_LOOP_ANALYSIS = YES;
				CLANG_WARN_STRICT_PROTOTYPES = YES;
				CLANG_WARN_SUSPICIOUS_MOVE = YES;
				CLANG_WARN_UNGUARDED_AVAILABILITY = YES_AGGRESSIVE;
				CLANG_WARN_UNREACHABLE_CODE = YES;
				CLANG_WARN__DUPLICATE_METHOD_MATCH = YES;
				COPY_PHASE_STRIP = NO;
				DEBUG_INFORMATION_FORMAT = dwarf;
				ENABLE_STRICT_OBJC_MSGSEND = YES;
				ENABLE_TESTABILITY = YES;
				GCC_C_LANGUAGE_STANDARD = gnu11;
				GCC_DYNAMIC_NO_PIC = NO;
				GCC_NO_COMMON_BLOCKS = YES;
				GCC_OPTIMIZATION_LEVEL = 0;
				GCC_PREPROCESSOR_DEFINITIONS = (
					"DEBUG=1",
					"$(inherited)",
				);
				GCC_WARN_64_TO_32_BIT_CONVERSION = YES;
				GCC_WARN_ABOUT_RETURN_TYPE = YES_ERROR;
				GCC_WARN_UNDECLARED_SELECTOR = YES;
				GCC_WARN_UNINITIALIZED_AUTOS = YES_AGGRESSIVE;
				GCC_WARN_UNUSED_FUNCTION = YES;
				GCC_WARN_UNUSED_VARIABLE = YES;
				IPHONEOS_DEPLOYMENT_TARGET = 13.4;
				MTL_ENABLE_DEBUG_INFO = INCLUDE_SOURCE;
				MTL_FAST_MATH = YES;
				ONLY_ACTIVE_ARCH = YES;
				SDKROOT = iphoneos;
				SWIFT_ACTIVE_COMPILATION_CONDITIONS = DEBUG;
				SWIFT_OPTIMIZATION_LEVEL = "-Onone";
			};
			name = Debug;
		};
		6ADDE8522442027000D4ADE6 /* Release */ = {
			isa = XCBuildConfiguration;
			buildSettings = {
				ALWAYS_SEARCH_USER_PATHS = NO;
				CLANG_ANALYZER_NONNULL = YES;
				CLANG_ANALYZER_NUMBER_OBJECT_CONVERSION = YES_AGGRESSIVE;
				CLANG_CXX_LANGUAGE_STANDARD = "gnu++14";
				CLANG_CXX_LIBRARY = "libc++";
				CLANG_ENABLE_MODULES = YES;
				CLANG_ENABLE_OBJC_ARC = YES;
				CLANG_ENABLE_OBJC_WEAK = YES;
				CLANG_WARN_BLOCK_CAPTURE_AUTORELEASING = YES;
				CLANG_WARN_BOOL_CONVERSION = YES;
				CLANG_WARN_COMMA = YES;
				CLANG_WARN_CONSTANT_CONVERSION = YES;
				CLANG_WARN_DEPRECATED_OBJC_IMPLEMENTATIONS = YES;
				CLANG_WARN_DIRECT_OBJC_ISA_USAGE = YES_ERROR;
				CLANG_WARN_DOCUMENTATION_COMMENTS = YES;
				CLANG_WARN_EMPTY_BODY = YES;
				CLANG_WARN_ENUM_CONVERSION = YES;
				CLANG_WARN_INFINITE_RECURSION = YES;
				CLANG_WARN_INT_CONVERSION = YES;
				CLANG_WARN_NON_LITERAL_NULL_CONVERSION = YES;
				CLANG_WARN_OBJC_IMPLICIT_RETAIN_SELF = YES;
				CLANG_WARN_OBJC_LITERAL_CONVERSION = YES;
				CLANG_WARN_OBJC_ROOT_CLASS = YES_ERROR;
				CLANG_WARN_RANGE_LOOP_ANALYSIS = YES;
				CLANG_WARN_STRICT_PROTOTYPES = YES;
				CLANG_WARN_SUSPICIOUS_MOVE = YES;
				CLANG_WARN_UNGUARDED_AVAILABILITY = YES_AGGRESSIVE;
				CLANG_WARN_UNREACHABLE_CODE = YES;
				CLANG_WARN__DUPLICATE_METHOD_MATCH = YES;
				COPY_PHASE_STRIP = NO;
				DEBUG_INFORMATION_FORMAT = "dwarf-with-dsym";
				ENABLE_NS_ASSERTIONS = NO;
				ENABLE_STRICT_OBJC_MSGSEND = YES;
				GCC_C_LANGUAGE_STANDARD = gnu11;
				GCC_NO_COMMON_BLOCKS = YES;
				GCC_WARN_64_TO_32_BIT_CONVERSION = YES;
				GCC_WARN_ABOUT_RETURN_TYPE = YES_ERROR;
				GCC_WARN_UNDECLARED_SELECTOR = YES;
				GCC_WARN_UNINITIALIZED_AUTOS = YES_AGGRESSIVE;
				GCC_WARN_UNUSED_FUNCTION = YES;
				GCC_WARN_UNUSED_VARIABLE = YES;
				IPHONEOS_DEPLOYMENT_TARGET = 13.4;
				MTL_ENABLE_DEBUG_INFO = NO;
				MTL_FAST_MATH = YES;
				SDKROOT = iphoneos;
				SWIFT_COMPILATION_MODE = wholemodule;
				SWIFT_OPTIMIZATION_LEVEL = "-O";
				VALIDATE_PRODUCT = YES;
			};
			name = Release;
		};
		6ADDE8542442027000D4ADE6 /* Debug */ = {
			isa = XCBuildConfiguration;
			buildSettings = {
				ASSETCATALOG_COMPILER_APPICON_NAME = AppIcon;
				CODE_SIGN_STYLE = Automatic;
				DEVELOPMENT_ASSET_PATHS = "\"todo/Preview Content\"";
				DEVELOPMENT_TEAM = 89LESYY252;
				ENABLE_PREVIEWS = YES;
				INFOPLIST_FILE = todo/Info.plist;
				LD_RUNPATH_SEARCH_PATHS = (
					"$(inherited)",
					"@executable_path/Frameworks",
				);
				PRODUCT_BUNDLE_IDENTIFIER = "github.com-lakshaynanda.todo";
				PRODUCT_NAME = "$(TARGET_NAME)";
				SWIFT_VERSION = 5.0;
				TARGETED_DEVICE_FAMILY = "1,2";
			};
			name = Debug;
		};
		6ADDE8552442027000D4ADE6 /* Release */ = {
			isa = XCBuildConfiguration;
			buildSettings = {
				ASSETCATALOG_COMPILER_APPICON_NAME = AppIcon;
				CODE_SIGN_STYLE = Automatic;
				DEVELOPMENT_ASSET_PATHS = "\"todo/Preview Content\"";
				DEVELOPMENT_TEAM = 89LESYY252;
				ENABLE_PREVIEWS = YES;
				INFOPLIST_FILE = todo/Info.plist;
				LD_RUNPATH_SEARCH_PATHS = (
					"$(inherited)",
					"@executable_path/Frameworks",
				);
				PRODUCT_BUNDLE_IDENTIFIER = "github.com-lakshaynanda.todo";
				PRODUCT_NAME = "$(TARGET_NAME)";
				SWIFT_VERSION = 5.0;
				TARGETED_DEVICE_FAMILY = "1,2";
			};
			name = Release;
		};
		6ADDE8572442027000D4ADE6 /* Debug */ = {
			isa = XCBuildConfiguration;
			buildSettings = {
				ALWAYS_EMBED_SWIFT_STANDARD_LIBRARIES = YES;
				BUNDLE_LOADER = "$(TEST_HOST)";
				CODE_SIGN_STYLE = Automatic;
				DEVELOPMENT_TEAM = 89LESYY252;
				INFOPLIST_FILE = todoTests/Info.plist;
				IPHONEOS_DEPLOYMENT_TARGET = 13.4;
				LD_RUNPATH_SEARCH_PATHS = (
					"$(inherited)",
					"@executable_path/Frameworks",
					"@loader_path/Frameworks",
				);
				PRODUCT_BUNDLE_IDENTIFIER = "github.com-lakshaynanda.todoTests";
				PRODUCT_NAME = "$(TARGET_NAME)";
				SWIFT_VERSION = 5.0;
				TARGETED_DEVICE_FAMILY = "1,2";
				TEST_HOST = "$(BUILT_PRODUCTS_DIR)/todo.app/todo";
			};
			name = Debug;
		};
		6ADDE8582442027000D4ADE6 /* Release */ = {
			isa = XCBuildConfiguration;
			buildSettings = {
				ALWAYS_EMBED_SWIFT_STANDARD_LIBRARIES = YES;
				BUNDLE_LOADER = "$(TEST_HOST)";
				CODE_SIGN_STYLE = Automatic;
				DEVELOPMENT_TEAM = 89LESYY252;
				INFOPLIST_FILE = todoTests/Info.plist;
				IPHONEOS_DEPLOYMENT_TARGET = 13.4;
				LD_RUNPATH_SEARCH_PATHS = (
					"$(inherited)",
					"@executable_path/Frameworks",
					"@loader_path/Frameworks",
				);
				PRODUCT_BUNDLE_IDENTIFIER = "github.com-lakshaynanda.todoTests";
				PRODUCT_NAME = "$(TARGET_NAME)";
				SWIFT_VERSION = 5.0;
				TARGETED_DEVICE_FAMILY = "1,2";
				TEST_HOST = "$(BUILT_PRODUCTS_DIR)/todo.app/todo";
			};
			name = Release;
		};
		6ADDE85A2442027000D4ADE6 /* Debug */ = {
			isa = XCBuildConfiguration;
			buildSettings = {
				ALWAYS_EMBED_SWIFT_STANDARD_LIBRARIES = YES;
				CODE_SIGN_STYLE = Automatic;
				DEVELOPMENT_TEAM = 89LESYY252;
				INFOPLIST_FILE = todoUITests/Info.plist;
				LD_RUNPATH_SEARCH_PATHS = (
					"$(inherited)",
					"@executable_path/Frameworks",
					"@loader_path/Frameworks",
				);
				PRODUCT_BUNDLE_IDENTIFIER = "github.com-lakshaynanda.todoUITests";
				PRODUCT_NAME = "$(TARGET_NAME)";
				SWIFT_VERSION = 5.0;
				TARGETED_DEVICE_FAMILY = "1,2";
				TEST_TARGET_NAME = todo;
			};
			name = Debug;
		};
		6ADDE85B2442027000D4ADE6 /* Release */ = {
			isa = XCBuildConfiguration;
			buildSettings = {
				ALWAYS_EMBED_SWIFT_STANDARD_LIBRARIES = YES;
				CODE_SIGN_STYLE = Automatic;
				DEVELOPMENT_TEAM = 89LESYY252;
				INFOPLIST_FILE = todoUITests/Info.plist;
				LD_RUNPATH_SEARCH_PATHS = (
					"$(inherited)",
					"@executable_path/Frameworks",
					"@loader_path/Frameworks",
				);
				PRODUCT_BUNDLE_IDENTIFIER = "github.com-lakshaynanda.todoUITests";
				PRODUCT_NAME = "$(TARGET_NAME)";
				SWIFT_VERSION = 5.0;
				TARGETED_DEVICE_FAMILY = "1,2";
				TEST_TARGET_NAME = todo;
			};
			name = Release;
		};
/* End XCBuildConfiguration section */

/* Begin XCConfigurationList section */
		6ADDE8212442026A00D4ADE6 /* Build configuration list for PBXProject "todo" */ = {
			isa = XCConfigurationList;
			buildConfigurations = (
				6ADDE8512442027000D4ADE6 /* Debug */,
				6ADDE8522442027000D4ADE6 /* Release */,
			);
			defaultConfigurationIsVisible = 0;
			defaultConfigurationName = Release;
		};
		6ADDE8532442027000D4ADE6 /* Build configuration list for PBXNativeTarget "todo" */ = {
			isa = XCConfigurationList;
			buildConfigurations = (
				6ADDE8542442027000D4ADE6 /* Debug */,
				6ADDE8552442027000D4ADE6 /* Release */,
			);
			defaultConfigurationIsVisible = 0;
			defaultConfigurationName = Release;
		};
		6ADDE8562442027000D4ADE6 /* Build configuration list for PBXNativeTarget "todoTests" */ = {
			isa = XCConfigurationList;
			buildConfigurations = (
				6ADDE8572442027000D4ADE6 /* Debug */,
				6ADDE8582442027000D4ADE6 /* Release */,
			);
			defaultConfigurationIsVisible = 0;
			defaultConfigurationName = Release;
		};
		6ADDE8592442027000D4ADE6 /* Build configuration list for PBXNativeTarget "todoUITests" */ = {
			isa = XCConfigurationList;
			buildConfigurations = (
				6ADDE85A2442027000D4ADE6 /* Debug */,
				6ADDE85B2442027000D4ADE6 /* Release */,
			);
			defaultConfigurationIsVisible = 0;
			defaultConfigurationName = Release;
		};
/* End XCConfigurationList section */

/* Begin XCVersionGroup section */
		6ADDE82D2442026A00D4ADE6 /* todo.xcdatamodeld */ = {
			isa = XCVersionGroup;
			children = (
				6ADDE82E2442026A00D4ADE6 /* todo.xcdatamodel */,
			);
			currentVersion = 6ADDE82E2442026A00D4ADE6 /* todo.xcdatamodel */;
			path = todo.xcdatamodeld;
			sourceTree = "<group>";
			versionGroupType = wrapper.xcdatamodel;
		};
/* End XCVersionGroup section */
	};
	rootObject = 6ADDE81E2442026A00D4ADE6 /* Project object */;
}
